
Microsoft Visual Studio Solution File, Format Version 12.00
# Visual Studio Version 17
VisualStudioVersion = 17.9.34723.18
MinimumVisualStudioVersion = 10.0.40219.1
Project("{FAE04EC0-301F-11D3-BF4B-00C04F79EFBC}") = "JournalMVC", "JournalMVC\JournalMVC.csproj", "{133A75FA-846D-4A49-B97A-9544FE9E297B}"
EndProject
Global
	GlobalSection(SolutionConfigurationPlatforms) = preSolution
		Debug|Any CPU = Debug|Any CPU
		Release|Any CPU = Release|Any CPU
	EndGlobalSection
	GlobalSection(ProjectConfigurationPlatforms) = postSolution
		{133A75FA-846D-4A49-B97A-9544FE9E297B}.Debug|Any CPU.ActiveCfg = Debug|Any CPU
		{133A75FA-846D-4A49-B97A-9544FE9E297B}.Debug|Any CPU.Build.0 = Debug|Any CPU
		{133A75FA-846D-4A49-B97A-9544FE9E297B}.Release|Any CPU.ActiveCfg = Release|Any CPU
		{133A75FA-846D-4A49-B97A-9544FE9E297B}.Release|Any CPU.Build.0 = Release|Any CPU
	EndGlobalSection
	GlobalSection(SolutionProperties) = preSolution
		HideSolutionNode = FALSE
	EndGlobalSection
	GlobalSection(ExtensibilityGlobals) = postSolution
		SolutionGuid = {0FD5A259-3652-4408-A285-0C898291995E}
	EndGlobalSection
EndGlobal
